// !$*UTF8*$!
{
	archiveVersion = 1;
	classes = {
	};
	objectVersion = 50;
	objects = {

/* Begin PBXBuildFile section */
		370E58EB22ECCDFE00909A4E /* AppDelegate.swift in Sources */ = {isa = PBXBuildFile; fileRef = 370E58EA22ECCDFE00909A4E /* AppDelegate.swift */; };
		370E58F022ECCDFE00909A4E /* Main.storyboard in Resources */ = {isa = PBXBuildFile; fileRef = 370E58EE22ECCDFE00909A4E /* Main.storyboard */; };
		370E58F222ECCDFF00909A4E /* Assets.xcassets in Resources */ = {isa = PBXBuildFile; fileRef = 370E58F122ECCDFF00909A4E /* Assets.xcassets */; };
		370E58F522ECCDFF00909A4E /* LaunchScreen.storyboard in Resources */ = {isa = PBXBuildFile; fileRef = 370E58F322ECCDFF00909A4E /* LaunchScreen.storyboard */; };
		3765A32022F130FE00813E16 /* POIsTableViewController.swift in Sources */ = {isa = PBXBuildFile; fileRef = 3765A31F22F130FE00813E16 /* POIsTableViewController.swift */; };
		3765A32222F1311100813E16 /* AddPOIViewController.swift in Sources */ = {isa = PBXBuildFile; fileRef = 3765A32122F1311100813E16 /* AddPOIViewController.swift */; };
		3765A32422F1312700813E16 /* POIDetailViewController.swift in Sources */ = {isa = PBXBuildFile; fileRef = 3765A32322F1312700813E16 /* POIDetailViewController.swift */; };
		3765A32622F1315400813E16 /* POITableViewCell.swift in Sources */ = {isa = PBXBuildFile; fileRef = 3765A32522F1315400813E16 /* POITableViewCell.swift */; };
		3765A32822F1316200813E16 /* POI.swift in Sources */ = {isa = PBXBuildFile; fileRef = 3765A32722F1316200813E16 /* POI.swift */; };
/* End PBXBuildFile section */

/* Begin PBXFileReference section */
		370E58E722ECCDFE00909A4E /* GrailDiary.app */ = {isa = PBXFileReference; explicitFileType = wrapper.application; includeInIndex = 0; path = GrailDiary.app; sourceTree = BUILT_PRODUCTS_DIR; };
		370E58EA22ECCDFE00909A4E /* AppDelegate.swift */ = {isa = PBXFileReference; lastKnownFileType = sourcecode.swift; path = AppDelegate.swift; sourceTree = "<group>"; };
		370E58EF22ECCDFE00909A4E /* Base */ = {isa = PBXFileReference; lastKnownFileType = file.storyboard; name = Base; path = Base.lproj/Main.storyboard; sourceTree = "<group>"; };
		370E58F122ECCDFF00909A4E /* Assets.xcassets */ = {isa = PBXFileReference; lastKnownFileType = folder.assetcatalog; path = Assets.xcassets; sourceTree = "<group>"; };
		370E58F422ECCDFF00909A4E /* Base */ = {isa = PBXFileReference; lastKnownFileType = file.storyboard; name = Base; path = Base.lproj/LaunchScreen.storyboard; sourceTree = "<group>"; };
		370E58F622ECCDFF00909A4E /* Info.plist */ = {isa = PBXFileReference; lastKnownFileType = text.plist.xml; path = Info.plist; sourceTree = "<group>"; };
		3765A31F22F130FE00813E16 /* POIsTableViewController.swift */ = {isa = PBXFileReference; lastKnownFileType = sourcecode.swift; path = POIsTableViewController.swift; sourceTree = "<group>"; };
		3765A32122F1311100813E16 /* AddPOIViewController.swift */ = {isa = PBXFileReference; lastKnownFileType = sourcecode.swift; path = AddPOIViewController.swift; sourceTree = "<group>"; };
		3765A32322F1312700813E16 /* POIDetailViewController.swift */ = {isa = PBXFileReference; lastKnownFileType = sourcecode.swift; path = POIDetailViewController.swift; sourceTree = "<group>"; };
		3765A32522F1315400813E16 /* POITableViewCell.swift */ = {isa = PBXFileReference; lastKnownFileType = sourcecode.swift; path = POITableViewCell.swift; sourceTree = "<group>"; };
		3765A32722F1316200813E16 /* POI.swift */ = {isa = PBXFileReference; lastKnownFileType = sourcecode.swift; path = POI.swift; sourceTree = "<group>"; };
/* End PBXFileReference section */

/* Begin PBXFrameworksBuildPhase section */
		370E58E422ECCDFE00909A4E /* Frameworks */ = {
			isa = PBXFrameworksBuildPhase;
			buildActionMask = 2147483647;
			files = (
			);
			runOnlyForDeploymentPostprocessing = 0;
		};
/* End PBXFrameworksBuildPhase section */

/* Begin PBXGroup section */
		370E58DE22ECCDFE00909A4E = {
			isa = PBXGroup;
			children = (
				370E58E922ECCDFE00909A4E /* GrailDiary */,
				370E58E822ECCDFE00909A4E /* Products */,
			);
			sourceTree = "<group>";
		};
		370E58E822ECCDFE00909A4E /* Products */ = {
			isa = PBXGroup;
			children = (
				370E58E722ECCDFE00909A4E /* GrailDiary.app */,
			);
			name = Products;
			sourceTree = "<group>";
		};
		370E58E922ECCDFE00909A4E /* GrailDiary */ = {
			isa = PBXGroup;
			children = (
				3765A32D22F1335200813E16 /* ViewControllers */,
				3765A32B22F1333300813E16 /* CustomViews */,
				3765A32C22F1334600813E16 /* Models */,
				370E58EA22ECCDFE00909A4E /* AppDelegate.swift */,
				370E58EE22ECCDFE00909A4E /* Main.storyboard */,
				370E58F122ECCDFF00909A4E /* Assets.xcassets */,
				370E58F322ECCDFF00909A4E /* LaunchScreen.storyboard */,
				370E58F622ECCDFF00909A4E /* Info.plist */,
			);
			path = GrailDiary;
			sourceTree = "<group>";
		};
		3765A32B22F1333300813E16 /* CustomViews */ = {
			isa = PBXGroup;
			children = (
				3765A32522F1315400813E16 /* POITableViewCell.swift */,
			);
			path = CustomViews;
			sourceTree = "<group>";
		};
		3765A32C22F1334600813E16 /* Models */ = {
			isa = PBXGroup;
			children = (
				3765A32722F1316200813E16 /* POI.swift */,
			);
			path = Models;
			sourceTree = "<group>";
		};
		3765A32D22F1335200813E16 /* ViewControllers */ = {
			isa = PBXGroup;
			children = (
				3765A31F22F130FE00813E16 /* POIsTableViewController.swift */,
				3765A32122F1311100813E16 /* AddPOIViewController.swift */,
				3765A32322F1312700813E16 /* POIDetailViewController.swift */,
			);
			path = ViewControllers;
			sourceTree = "<group>";
		};
/* End PBXGroup section */

/* Begin PBXNativeTarget section */
		370E58E622ECCDFE00909A4E /* GrailDiary */ = {
			isa = PBXNativeTarget;
			buildConfigurationList = 370E58F922ECCDFF00909A4E /* Build configuration list for PBXNativeTarget "GrailDiary" */;
			buildPhases = (
				370E58E322ECCDFE00909A4E /* Sources */,
				370E58E422ECCDFE00909A4E /* Frameworks */,
				370E58E522ECCDFE00909A4E /* Resources */,
			);
			buildRules = (
			);
			dependencies = (
			);
			name = GrailDiary;
			productName = GrailDiary;
			productReference = 370E58E722ECCDFE00909A4E /* GrailDiary.app */;
			productType = "com.apple.product-type.application";
		};
/* End PBXNativeTarget section */

/* Begin PBXProject section */
		370E58DF22ECCDFE00909A4E /* Project object */ = {
			isa = PBXProject;
			attributes = {
				LastSwiftUpdateCheck = 1030;
				LastUpgradeCheck = 1030;
				ORGANIZATIONNAME = "Bobby Keffury";
				TargetAttributes = {
					370E58E622ECCDFE00909A4E = {
						CreatedOnToolsVersion = 10.3;
					};
				};
			};
			buildConfigurationList = 370E58E222ECCDFE00909A4E /* Build configuration list for PBXProject "GrailDiary" */;
			compatibilityVersion = "Xcode 9.3";
			developmentRegion = en;
			hasScannedForEncodings = 0;
			knownRegions = (
				en,
				Base,
			);
			mainGroup = 370E58DE22ECCDFE00909A4E;
			productRefGroup = 370E58E822ECCDFE00909A4E /* Products */;
			projectDirPath = "";
			projectRoot = "";
			targets = (
				370E58E622ECCDFE00909A4E /* GrailDiary */,
			);
		};
/* End PBXProject section */

/* Begin PBXResourcesBuildPhase section */
		370E58E522ECCDFE00909A4E /* Resources */ = {
			isa = PBXResourcesBuildPhase;
			buildActionMask = 2147483647;
			files = (
				370E58F522ECCDFF00909A4E /* LaunchScreen.storyboard in Resources */,
				370E58F222ECCDFF00909A4E /* Assets.xcassets in Resources */,
				370E58F022ECCDFE00909A4E /* Main.storyboard in Resources */,
			);
			runOnlyForDeploymentPostprocessing = 0;
		};
/* End PBXResourcesBuildPhase section */

/* Begin PBXSourcesBuildPhase section */
		370E58E322ECCDFE00909A4E /* Sources */ = {
			isa = PBXSourcesBuildPhase;
			buildActionMask = 2147483647;
			files = (
				3765A32822F1316200813E16 /* POI.swift in Sources */,
				3765A32022F130FE00813E16 /* POIsTableViewController.swift in Sources */,
				3765A32222F1311100813E16 /* AddPOIViewController.swift in Sources */,
				370E58EB22ECCDFE00909A4E /* AppDelegate.swift in Sources */,
				3765A32622F1315400813E16 /* POITableViewCell.swift in Sources */,
				3765A32422F1312700813E16 /* POIDetailViewController.swift in Sources */,
			);
			runOnlyForDeploymentPostprocessing = 0;
		};
/* End PBXSourcesBuildPhase section */

/* Begin PBXVariantGroup section */
		370E58EE22ECCDFE00909A4E /* Main.storyboard */ = {
			isa = PBXVariantGroup;
			children = (
				370E58EF22ECCDFE00909A4E /* Base */,
			);
			name = Main.storyboard;
			sourceTree = "<group>";
		};
		370E58F322ECCDFF00909A4E /* LaunchScreen.storyboard */ = {
			isa = PBXVariantGroup;
			children = (
				370E58F422ECCDFF00909A4E /* Base */,
			);
			name = LaunchScreen.storyboard;
			sourceTree = "<group>";
		};
/* End PBXVariantGroup section */

/* Begin XCBuildConfiguration section */
		370E58F722ECCDFF00909A4E /* Debug */ = {
			isa = XCBuildConfiguration;
			buildSettings = {
				ALWAYS_SEARCH_USER_PATHS = NO;
				CLANG_ANALYZER_NONNULL = YES;
				CLANG_ANALYZER_NUMBER_OBJECT_CONVERSION = YES_AGGRESSIVE;
				CLANG_CXX_LANGUAGE_STANDARD = "gnu++14";
				CLANG_CXX_LIBRARY = "libc++";
				CLANG_ENABLE_MODULES = YES;
				CLANG_ENABLE_OBJC_ARC = YES;
				CLANG_ENABLE_OBJC_WEAK = YES;
				CLANG_WARN_BLOCK_CAPTURE_AUTORELEASING = YES;
				CLANG_WARN_BOOL_CONVERSION = YES;
				CLANG_WARN_COMMA = YES;
				CLANG_WARN_CONSTANT_CONVERSION = YES;
				CLANG_WARN_DEPRECATED_OBJC_IMPLEMENTATIONS = YES;
				CLANG_WARN_DIRECT_OBJC_ISA_USAGE = YES_ERROR;
				CLANG_WARN_DOCUMENTATION_COMMENTS = YES;
				CLANG_WARN_EMPTY_BODY = YES;
				CLANG_WARN_ENUM_CONVERSION = YES;
				CLANG_WARN_INFINITE_RECURSION = YES;
				CLANG_WARN_INT_CONVERSION = YES;
				CLANG_WARN_NON_LITERAL_NULL_CONVERSION = YES;
				CLANG_WARN_OBJC_IMPLICIT_RETAIN_SELF = YES;
				CLANG_WARN_OBJC_LITERAL_CONVERSION = YES;
				CLANG_WARN_OBJC_ROOT_CLASS = YES_ERROR;
				CLANG_WARN_RANGE_LOOP_ANALYSIS = YES;
				CLANG_WARN_STRICT_PROTOTYPES = YES;
				CLANG_WARN_SUSPICIOUS_MOVE = YES;
				CLANG_WARN_UNGUARDED_AVAILABILITY = YES_AGGRESSIVE;
				CLANG_WARN_UNREACHABLE_CODE = YES;
				CLANG_WARN__DUPLICATE_METHOD_MATCH = YES;
				CODE_SIGN_IDENTITY = "iPhone Developer";
				COPY_PHASE_STRIP = NO;
				DEBUG_INFORMATION_FORMAT = dwarf;
				ENABLE_STRICT_OBJC_MSGSEND = YES;
				ENABLE_TESTABILITY = YES;
				GCC_C_LANGUAGE_STANDARD = gnu11;
				GCC_DYNAMIC_NO_PIC = NO;
				GCC_NO_COMMON_BLOCKS = YES;
				GCC_OPTIMIZATION_LEVEL = 0;
				GCC_PREPROCESSOR_DEFINITIONS = (
					"DEBUG=1",
					"$(inherited)",
				);
				GCC_WARN_64_TO_32_BIT_CONVERSION = YES;
				GCC_WARN_ABOUT_RETURN_TYPE = YES_ERROR;
				GCC_WARN_UNDECLARED_SELECTOR = YES;
				GCC_WARN_UNINITIALIZED_AUTOS = YES_AGGRESSIVE;
				GCC_WARN_UNUSED_FUNCTION = YES;
				GCC_WARN_UNUSED_VARIABLE = YES;
				IPHONEOS_DEPLOYMENT_TARGET = 12.4;
				MTL_ENABLE_DEBUG_INFO = INCLUDE_SOURCE;
				MTL_FAST_MATH = YES;
				ONLY_ACTIVE_ARCH = YES;
				SDKROOT = iphoneos;
				SWIFT_ACTIVE_COMPILATION_CONDITIONS = DEBUG;
				SWIFT_OPTIMIZATION_LEVEL = "-Onone";
			};
			name = Debug;
		};
		370E58F822ECCDFF00909A4E /* Release */ = {
			isa = XCBuildConfiguration;
			buildSettings = {
				ALWAYS_SEARCH_USER_PATHS = NO;
				CLANG_ANALYZER_NONNULL = YES;
				CLANG_ANALYZER_NUMBER_OBJECT_CONVERSION = YES_AGGRESSIVE;
				CLANG_CXX_LANGUAGE_STANDARD = "gnu++14";
				CLANG_CXX_LIBRARY = "libc++";
				CLANG_ENABLE_MODULES = YES;
				CLANG_ENABLE_OBJC_ARC = YES;
				CLANG_ENABLE_OBJC_WEAK = YES;
				CLANG_WARN_BLOCK_CAPTURE_AUTORELEASING = YES;
				CLANG_WARN_BOOL_CONVERSION = YES;
				CLANG_WARN_COMMA = YES;
				CLANG_WARN_CONSTANT_CONVERSION = YES;
				CLANG_WARN_DEPRECATED_OBJC_IMPLEMENTATIONS = YES;
				CLANG_WARN_DIRECT_OBJC_ISA_USAGE = YES_ERROR;
				CLANG_WARN_DOCUMENTATION_COMMENTS = YES;
				CLANG_WARN_EMPTY_BODY = YES;
				CLANG_WARN_ENUM_CONVERSION = YES;
				CLANG_WARN_INFINITE_RECURSION = YES;
				CLANG_WARN_INT_CONVERSION = YES;
				CLANG_WARN_NON_LITERAL_NULL_CONVERSION = YES;
				CLANG_WARN_OBJC_IMPLICIT_RETAIN_SELF = YES;
				CLANG_WARN_OBJC_LITERAL_CONVERSION = YES;
				CLANG_WARN_OBJC_ROOT_CLASS = YES_ERROR;
				CLANG_WARN_RANGE_LOOP_ANALYSIS = YES;
				CLANG_WARN_STRICT_PROTOTYPES = YES;
				CLANG_WARN_SUSPICIOUS_MOVE = YES;
				CLANG_WARN_UNGUARDED_AVAILABILITY = YES_AGGRESSIVE;
				CLANG_WARN_UNREACHABLE_CODE = YES;
				CLANG_WARN__DUPLICATE_METHOD_MATCH = YES;
				CODE_SIGN_IDENTITY = "iPhone Developer";
				COPY_PHASE_STRIP = NO;
				DEBUG_INFORMATION_FORMAT = "dwarf-with-dsym";
				ENABLE_NS_ASSERTIONS = NO;
				ENABLE_STRICT_OBJC_MSGSEND = YES;
				GCC_C_LANGUAGE_STANDARD = gnu11;
				GCC_NO_COMMON_BLOCKS = YES;
				GCC_WARN_64_TO_32_BIT_CONVERSION = YES;
				GCC_WARN_ABOUT_RETURN_TYPE = YES_ERROR;
				GCC_WARN_UNDECLARED_SELECTOR = YES;
				GCC_WARN_UNINITIALIZED_AUTOS = YES_AGGRESSIVE;
				GCC_WARN_UNUSED_FUNCTION = YES;
				GCC_WARN_UNUSED_VARIABLE = YES;
				IPHONEOS_DEPLOYMENT_TARGET = 12.4;
				MTL_ENABLE_DEBUG_INFO = NO;
				MTL_FAST_MATH = YES;
				SDKROOT = iphoneos;
				SWIFT_COMPILATION_MODE = wholemodule;
				SWIFT_OPTIMIZATION_LEVEL = "-O";
				VALIDATE_PRODUCT = YES;
			};
			name = Release;
		};
		370E58FA22ECCDFF00909A4E /* Debug */ = {
			isa = XCBuildConfiguration;
			buildSettings = {
				ASSETCATALOG_COMPILER_APPICON_NAME = AppIcon;
				CODE_SIGN_STYLE = Automatic;
				INFOPLIST_FILE = GrailDiary/Info.plist;
				LD_RUNPATH_SEARCH_PATHS = (
					"$(inherited)",
					"@executable_path/Frameworks",
				);
				PRODUCT_BUNDLE_IDENTIFIER = com.BobbyKeffury.GrailDiary;
				PRODUCT_NAME = "$(TARGET_NAME)";
				SWIFT_VERSION = 5.0;
				TARGETED_DEVICE_FAMILY = "1,2";
			};
			name = Debug;
		};
		370E58FB22ECCDFF00909A4E /* Release */ = {
			isa = XCBuildConfiguration;
			buildSettings = {
				ASSETCATALOG_COMPILER_APPICON_NAME = AppIcon;
				CODE_SIGN_STYLE = Automatic;
				INFOPLIST_FILE = GrailDiary/Info.plist;
				LD_RUNPATH_SEARCH_PATHS = (
					"$(inherited)",
					"@executable_path/Frameworks",
				);
				PRODUCT_BUNDLE_IDENTIFIER = com.BobbyKeffury.GrailDiary;
				PRODUCT_NAME = "$(TARGET_NAME)";
				SWIFT_VERSION = 5.0;
				TARGETED_DEVICE_FAMILY = "1,2";
			};
			name = Release;
		};
/* End XCBuildConfiguration section */

/* Begin XCConfigurationList section */
		370E58E222ECCDFE00909A4E /* Build configuration list for PBXProject "GrailDiary" */ = {
			isa = XCConfigurationList;
			buildConfigurations = (
				370E58F722ECCDFF00909A4E /* Debug */,
				370E58F822ECCDFF00909A4E /* Release */,
			);
			defaultConfigurationIsVisible = 0;
			defaultConfigurationName = Release;
		};
		370E58F922ECCDFF00909A4E /* Build configuration list for PBXNativeTarget "GrailDiary" */ = {
			isa = XCConfigurationList;
			buildConfigurations = (
				370E58FA22ECCDFF00909A4E /* Debug */,
				370E58FB22ECCDFF00909A4E /* Release */,
			);
			defaultConfigurationIsVisible = 0;
			defaultConfigurationName = Release;
		};
/* End XCConfigurationList section */
	};
	rootObject = 370E58DF22ECCDFE00909A4E /* Project object */;
}
