// !$*UTF8*$!
{
	archiveVersion = 1;
	classes = {
	};
	objectVersion = 50;
	objects = {

/* Begin PBXBuildFile section */
		072D249A248096F6009625EA /* POI.swift in Sources */ = {isa = PBXBuildFile; fileRef = 072D2499248096F6009625EA /* POI.swift */; };
		072D249D24809785009625EA /* POITableViewCell.swift in Sources */ = {isa = PBXBuildFile; fileRef = 072D249C24809785009625EA /* POITableViewCell.swift */; };
		072D249F248097F5009625EA /* POIDetailViewController.swift in Sources */ = {isa = PBXBuildFile; fileRef = 072D249E248097F5009625EA /* POIDetailViewController.swift */; };
		072D24A124809821009625EA /* AddPOIViewController.swift in Sources */ = {isa = PBXBuildFile; fileRef = 072D24A024809821009625EA /* AddPOIViewController.swift */; };
		07D2D296247B41E60040513B /* AppDelegate.swift in Sources */ = {isa = PBXBuildFile; fileRef = 07D2D295247B41E60040513B /* AppDelegate.swift */; };
		07D2D298247B41E60040513B /* SceneDelegate.swift in Sources */ = {isa = PBXBuildFile; fileRef = 07D2D297247B41E60040513B /* SceneDelegate.swift */; };
		07D2D29A247B41E60040513B /* POIsTableViewController.swift in Sources */ = {isa = PBXBuildFile; fileRef = 07D2D299247B41E60040513B /* POIsTableViewController.swift */; };
		07D2D29D247B41E60040513B /* Main.storyboard in Resources */ = {isa = PBXBuildFile; fileRef = 07D2D29B247B41E60040513B /* Main.storyboard */; };
		07D2D29F247B41E70040513B /* Assets.xcassets in Resources */ = {isa = PBXBuildFile; fileRef = 07D2D29E247B41E70040513B /* Assets.xcassets */; };
		07D2D2A2247B41E70040513B /* LaunchScreen.storyboard in Resources */ = {isa = PBXBuildFile; fileRef = 07D2D2A0247B41E70040513B /* LaunchScreen.storyboard */; };
/* End PBXBuildFile section */

/* Begin PBXFileReference section */
		072D2499248096F6009625EA /* POI.swift */ = {isa = PBXFileReference; lastKnownFileType = sourcecode.swift; path = POI.swift; sourceTree = "<group>"; };
		072D249C24809785009625EA /* POITableViewCell.swift */ = {isa = PBXFileReference; lastKnownFileType = sourcecode.swift; path = POITableViewCell.swift; sourceTree = "<group>"; };
		072D249E248097F5009625EA /* POIDetailViewController.swift */ = {isa = PBXFileReference; lastKnownFileType = sourcecode.swift; path = POIDetailViewController.swift; sourceTree = "<group>"; };
		072D24A024809821009625EA /* AddPOIViewController.swift */ = {isa = PBXFileReference; lastKnownFileType = sourcecode.swift; path = AddPOIViewController.swift; sourceTree = "<group>"; };
		07D2D292247B41E60040513B /* GrailDiary.app */ = {isa = PBXFileReference; explicitFileType = wrapper.application; includeInIndex = 0; path = GrailDiary.app; sourceTree = BUILT_PRODUCTS_DIR; };
		07D2D295247B41E60040513B /* AppDelegate.swift */ = {isa = PBXFileReference; lastKnownFileType = sourcecode.swift; path = AppDelegate.swift; sourceTree = "<group>"; };
		07D2D297247B41E60040513B /* SceneDelegate.swift */ = {isa = PBXFileReference; lastKnownFileType = sourcecode.swift; path = SceneDelegate.swift; sourceTree = "<group>"; };
		07D2D299247B41E60040513B /* POIsTableViewController.swift */ = {isa = PBXFileReference; lastKnownFileType = sourcecode.swift; path = POIsTableViewController.swift; sourceTree = "<group>"; };
		07D2D29C247B41E60040513B /* Base */ = {isa = PBXFileReference; lastKnownFileType = file.storyboard; name = Base; path = Base.lproj/Main.storyboard; sourceTree = "<group>"; };
		07D2D29E247B41E70040513B /* Assets.xcassets */ = {isa = PBXFileReference; lastKnownFileType = folder.assetcatalog; path = Assets.xcassets; sourceTree = "<group>"; };
		07D2D2A1247B41E70040513B /* Base */ = {isa = PBXFileReference; lastKnownFileType = file.storyboard; name = Base; path = Base.lproj/LaunchScreen.storyboard; sourceTree = "<group>"; };
		07D2D2A3247B41E70040513B /* Info.plist */ = {isa = PBXFileReference; lastKnownFileType = text.plist.xml; path = Info.plist; sourceTree = "<group>"; };
/* End PBXFileReference section */

/* Begin PBXFrameworksBuildPhase section */
		07D2D28F247B41E60040513B /* Frameworks */ = {
			isa = PBXFrameworksBuildPhase;
			buildActionMask = 2147483647;
			files = (
			);
			runOnlyForDeploymentPostprocessing = 0;
		};
/* End PBXFrameworksBuildPhase section */

/* Begin PBXGroup section */
		072D249B24809704009625EA /* Views */ = {
			isa = PBXGroup;
			children = (
				072D249C24809785009625EA /* POITableViewCell.swift */,
			);
			path = Views;
			sourceTree = "<group>";
		};
		072D24A224809840009625EA /* View Controllers */ = {
			isa = PBXGroup;
			children = (
				072D2499248096F6009625EA /* POI.swift */,
				07D2D299247B41E60040513B /* POIsTableViewController.swift */,
				072D24A024809821009625EA /* AddPOIViewController.swift */,
				072D249E248097F5009625EA /* POIDetailViewController.swift */,
			);
			path = "View Controllers";
			sourceTree = "<group>";
		};
		072D24A32480988A009625EA /* Storyboards */ = {
			isa = PBXGroup;
			children = (
				07D2D29B247B41E60040513B /* Main.storyboard */,
				07D2D2A0247B41E70040513B /* LaunchScreen.storyboard */,
			);
			path = Storyboards;
			sourceTree = "<group>";
		};
		07D2D289247B41E60040513B = {
			isa = PBXGroup;
			children = (
				07D2D294247B41E60040513B /* GrailDiary */,
				07D2D293247B41E60040513B /* Products */,
			);
			sourceTree = "<group>";
		};
		07D2D293247B41E60040513B /* Products */ = {
			isa = PBXGroup;
			children = (
				07D2D292247B41E60040513B /* GrailDiary.app */,
			);
			name = Products;
			sourceTree = "<group>";
		};
		07D2D294247B41E60040513B /* GrailDiary */ = {
			isa = PBXGroup;
			children = (
				07D2D295247B41E60040513B /* AppDelegate.swift */,
				07D2D297247B41E60040513B /* SceneDelegate.swift */,
				072D249B24809704009625EA /* Views */,
				072D24A32480988A009625EA /* Storyboards */,
				072D24A224809840009625EA /* View Controllers */,
				07D2D29E247B41E70040513B /* Assets.xcassets */,
				07D2D2A3247B41E70040513B /* Info.plist */,
			);
			path = GrailDiary;
			sourceTree = "<group>";
		};
/* End PBXGroup section */

/* Begin PBXNativeTarget section */
		07D2D291247B41E60040513B /* GrailDiary */ = {
			isa = PBXNativeTarget;
			buildConfigurationList = 07D2D2A6247B41E70040513B /* Build configuration list for PBXNativeTarget "GrailDiary" */;
			buildPhases = (
				07D2D28E247B41E60040513B /* Sources */,
				07D2D28F247B41E60040513B /* Frameworks */,
				07D2D290247B41E60040513B /* Resources */,
			);
			buildRules = (
			);
			dependencies = (
			);
			name = GrailDiary;
			productName = GrailDiary;
			productReference = 07D2D292247B41E60040513B /* GrailDiary.app */;
			productType = "com.apple.product-type.application";
		};
/* End PBXNativeTarget section */

/* Begin PBXProject section */
		07D2D28A247B41E60040513B /* Project object */ = {
			isa = PBXProject;
			attributes = {
				LastSwiftUpdateCheck = 1140;
				LastUpgradeCheck = 1140;
				ORGANIZATIONNAME = ladonnamayfield;
				TargetAttributes = {
					07D2D291247B41E60040513B = {
						CreatedOnToolsVersion = 11.4.1;
					};
				};
			};
			buildConfigurationList = 07D2D28D247B41E60040513B /* Build configuration list for PBXProject "GrailDiary" */;
			compatibilityVersion = "Xcode 9.3";
			developmentRegion = en;
			hasScannedForEncodings = 0;
			knownRegions = (
				en,
				Base,
			);
			mainGroup = 07D2D289247B41E60040513B;
			productRefGroup = 07D2D293247B41E60040513B /* Products */;
			projectDirPath = "";
			projectRoot = "";
			targets = (
				07D2D291247B41E60040513B /* GrailDiary */,
			);
		};
/* End PBXProject section */

/* Begin PBXResourcesBuildPhase section */
		07D2D290247B41E60040513B /* Resources */ = {
			isa = PBXResourcesBuildPhase;
			buildActionMask = 2147483647;
			files = (
				07D2D2A2247B41E70040513B /* LaunchScreen.storyboard in Resources */,
				07D2D29F247B41E70040513B /* Assets.xcassets in Resources */,
				07D2D29D247B41E60040513B /* Main.storyboard in Resources */,
			);
			runOnlyForDeploymentPostprocessing = 0;
		};
/* End PBXResourcesBuildPhase section */

/* Begin PBXSourcesBuildPhase section */
		07D2D28E247B41E60040513B /* Sources */ = {
			isa = PBXSourcesBuildPhase;
			buildActionMask = 2147483647;
			files = (
				072D249A248096F6009625EA /* POI.swift in Sources */,
				072D24A124809821009625EA /* AddPOIViewController.swift in Sources */,
				07D2D29A247B41E60040513B /* POIsTableViewController.swift in Sources */,
				07D2D296247B41E60040513B /* AppDelegate.swift in Sources */,
				07D2D298247B41E60040513B /* SceneDelegate.swift in Sources */,
				072D249F248097F5009625EA /* POIDetailViewController.swift in Sources */,
				072D249D24809785009625EA /* POITableViewCell.swift in Sources */,
			);
			runOnlyForDeploymentPostprocessing = 0;
		};
/* End PBXSourcesBuildPhase section */

/* Begin PBXVariantGroup section */
		07D2D29B247B41E60040513B /* Main.storyboard */ = {
			isa = PBXVariantGroup;
			children = (
				07D2D29C247B41E60040513B /* Base */,
			);
			name = Main.storyboard;
			sourceTree = "<group>";
		};
		07D2D2A0247B41E70040513B /* LaunchScreen.storyboard */ = {
			isa = PBXVariantGroup;
			children = (
				07D2D2A1247B41E70040513B /* Base */,
			);
			name = LaunchScreen.storyboard;
			sourceTree = "<group>";
		};
/* End PBXVariantGroup section */

/* Begin XCBuildConfiguration section */
		07D2D2A4247B41E70040513B /* Debug */ = {
			isa = XCBuildConfiguration;
			buildSettings = {
				ALWAYS_SEARCH_USER_PATHS = NO;
				CLANG_ANALYZER_NONNULL = YES;
				CLANG_ANALYZER_NUMBER_OBJECT_CONVERSION = YES_AGGRESSIVE;
				CLANG_CXX_LANGUAGE_STANDARD = "gnu++14";
				CLANG_CXX_LIBRARY = "libc++";
				CLANG_ENABLE_MODULES = YES;
				CLANG_ENABLE_OBJC_ARC = YES;
				CLANG_ENABLE_OBJC_WEAK = YES;
				CLANG_WARN_BLOCK_CAPTURE_AUTORELEASING = YES;
				CLANG_WARN_BOOL_CONVERSION = YES;
				CLANG_WARN_COMMA = YES;
				CLANG_WARN_CONSTANT_CONVERSION = YES;
				CLANG_WARN_DEPRECATED_OBJC_IMPLEMENTATIONS = YES;
				CLANG_WARN_DIRECT_OBJC_ISA_USAGE = YES_ERROR;
				CLANG_WARN_DOCUMENTATION_COMMENTS = YES;
				CLANG_WARN_EMPTY_BODY = YES;
				CLANG_WARN_ENUM_CONVERSION = YES;
				CLANG_WARN_INFINITE_RECURSION = YES;
				CLANG_WARN_INT_CONVERSION = YES;
				CLANG_WARN_NON_LITERAL_NULL_CONVERSION = YES;
				CLANG_WARN_OBJC_IMPLICIT_RETAIN_SELF = YES;
				CLANG_WARN_OBJC_LITERAL_CONVERSION = YES;
				CLANG_WARN_OBJC_ROOT_CLASS = YES_ERROR;
				CLANG_WARN_RANGE_LOOP_ANALYSIS = YES;
				CLANG_WARN_STRICT_PROTOTYPES = YES;
				CLANG_WARN_SUSPICIOUS_MOVE = YES;
				CLANG_WARN_UNGUARDED_AVAILABILITY = YES_AGGRESSIVE;
				CLANG_WARN_UNREACHABLE_CODE = YES;
				CLANG_WARN__DUPLICATE_METHOD_MATCH = YES;
				COPY_PHASE_STRIP = NO;
				DEBUG_INFORMATION_FORMAT = dwarf;
				ENABLE_STRICT_OBJC_MSGSEND = YES;
				ENABLE_TESTABILITY = YES;
				GCC_C_LANGUAGE_STANDARD = gnu11;
				GCC_DYNAMIC_NO_PIC = NO;
				GCC_NO_COMMON_BLOCKS = YES;
				GCC_OPTIMIZATION_LEVEL = 0;
				GCC_PREPROCESSOR_DEFINITIONS = (
					"DEBUG=1",
					"$(inherited)",
				);
				GCC_WARN_64_TO_32_BIT_CONVERSION = YES;
				GCC_WARN_ABOUT_RETURN_TYPE = YES_ERROR;
				GCC_WARN_UNDECLARED_SELECTOR = YES;
				GCC_WARN_UNINITIALIZED_AUTOS = YES_AGGRESSIVE;
				GCC_WARN_UNUSED_FUNCTION = YES;
				GCC_WARN_UNUSED_VARIABLE = YES;
				IPHONEOS_DEPLOYMENT_TARGET = 13.4;
				MTL_ENABLE_DEBUG_INFO = INCLUDE_SOURCE;
				MTL_FAST_MATH = YES;
				ONLY_ACTIVE_ARCH = YES;
				SDKROOT = iphoneos;
				SWIFT_ACTIVE_COMPILATION_CONDITIONS = DEBUG;
				SWIFT_OPTIMIZATION_LEVEL = "-Onone";
			};
			name = Debug;
		};
		07D2D2A5247B41E70040513B /* Release */ = {
			isa = XCBuildConfiguration;
			buildSettings = {
				ALWAYS_SEARCH_USER_PATHS = NO;
				CLANG_ANALYZER_NONNULL = YES;
				CLANG_ANALYZER_NUMBER_OBJECT_CONVERSION = YES_AGGRESSIVE;
				CLANG_CXX_LANGUAGE_STANDARD = "gnu++14";
				CLANG_CXX_LIBRARY = "libc++";
				CLANG_ENABLE_MODULES = YES;
				CLANG_ENABLE_OBJC_ARC = YES;
				CLANG_ENABLE_OBJC_WEAK = YES;
				CLANG_WARN_BLOCK_CAPTURE_AUTORELEASING = YES;
				CLANG_WARN_BOOL_CONVERSION = YES;
				CLANG_WARN_COMMA = YES;
				CLANG_WARN_CONSTANT_CONVERSION = YES;
				CLANG_WARN_DEPRECATED_OBJC_IMPLEMENTATIONS = YES;
				CLANG_WARN_DIRECT_OBJC_ISA_USAGE = YES_ERROR;
				CLANG_WARN_DOCUMENTATION_COMMENTS = YES;
				CLANG_WARN_EMPTY_BODY = YES;
				CLANG_WARN_ENUM_CONVERSION = YES;
				CLANG_WARN_INFINITE_RECURSION = YES;
				CLANG_WARN_INT_CONVERSION = YES;
				CLANG_WARN_NON_LITERAL_NULL_CONVERSION = YES;
				CLANG_WARN_OBJC_IMPLICIT_RETAIN_SELF = YES;
				CLANG_WARN_OBJC_LITERAL_CONVERSION = YES;
				CLANG_WARN_OBJC_ROOT_CLASS = YES_ERROR;
				CLANG_WARN_RANGE_LOOP_ANALYSIS = YES;
				CLANG_WARN_STRICT_PROTOTYPES = YES;
				CLANG_WARN_SUSPICIOUS_MOVE = YES;
				CLANG_WARN_UNGUARDED_AVAILABILITY = YES_AGGRESSIVE;
				CLANG_WARN_UNREACHABLE_CODE = YES;
				CLANG_WARN__DUPLICATE_METHOD_MATCH = YES;
				COPY_PHASE_STRIP = NO;
				DEBUG_INFORMATION_FORMAT = "dwarf-with-dsym";
				ENABLE_NS_ASSERTIONS = NO;
				ENABLE_STRICT_OBJC_MSGSEND = YES;
				GCC_C_LANGUAGE_STANDARD = gnu11;
				GCC_NO_COMMON_BLOCKS = YES;
				GCC_WARN_64_TO_32_BIT_CONVERSION = YES;
				GCC_WARN_ABOUT_RETURN_TYPE = YES_ERROR;
				GCC_WARN_UNDECLARED_SELECTOR = YES;
				GCC_WARN_UNINITIALIZED_AUTOS = YES_AGGRESSIVE;
				GCC_WARN_UNUSED_FUNCTION = YES;
				GCC_WARN_UNUSED_VARIABLE = YES;
				IPHONEOS_DEPLOYMENT_TARGET = 13.4;
				MTL_ENABLE_DEBUG_INFO = NO;
				MTL_FAST_MATH = YES;
				SDKROOT = iphoneos;
				SWIFT_COMPILATION_MODE = wholemodule;
				SWIFT_OPTIMIZATION_LEVEL = "-O";
				VALIDATE_PRODUCT = YES;
			};
			name = Release;
		};
		07D2D2A7247B41E70040513B /* Debug */ = {
			isa = XCBuildConfiguration;
			buildSettings = {
				ASSETCATALOG_COMPILER_APPICON_NAME = AppIcon;
				CODE_SIGN_STYLE = Automatic;
				DEVELOPMENT_TEAM = CUT9BG64M6;
				INFOPLIST_FILE = GrailDiary/Info.plist;
				LD_RUNPATH_SEARCH_PATHS = (
					"$(inherited)",
					"@executable_path/Frameworks",
				);
				PRODUCT_BUNDLE_IDENTIFIER = com.ladonnamayfield.GrailDiary;
				PRODUCT_NAME = "$(TARGET_NAME)";
				SWIFT_VERSION = 5.0;
				TARGETED_DEVICE_FAMILY = "1,2";
			};
			name = Debug;
		};
		07D2D2A8247B41E70040513B /* Release */ = {
			isa = XCBuildConfiguration;
			buildSettings = {
				ASSETCATALOG_COMPILER_APPICON_NAME = AppIcon;
				CODE_SIGN_STYLE = Automatic;
				DEVELOPMENT_TEAM = CUT9BG64M6;
				INFOPLIST_FILE = GrailDiary/Info.plist;
				LD_RUNPATH_SEARCH_PATHS = (
					"$(inherited)",
					"@executable_path/Frameworks",
				);
				PRODUCT_BUNDLE_IDENTIFIER = com.ladonnamayfield.GrailDiary;
				PRODUCT_NAME = "$(TARGET_NAME)";
				SWIFT_VERSION = 5.0;
				TARGETED_DEVICE_FAMILY = "1,2";
			};
			name = Release;
		};
/* End XCBuildConfiguration section */

/* Begin XCConfigurationList section */
		07D2D28D247B41E60040513B /* Build configuration list for PBXProject "GrailDiary" */ = {
			isa = XCConfigurationList;
			buildConfigurations = (
				07D2D2A4247B41E70040513B /* Debug */,
				07D2D2A5247B41E70040513B /* Release */,
			);
			defaultConfigurationIsVisible = 0;
			defaultConfigurationName = Release;
		};
		07D2D2A6247B41E70040513B /* Build configuration list for PBXNativeTarget "GrailDiary" */ = {
			isa = XCConfigurationList;
			buildConfigurations = (
				07D2D2A7247B41E70040513B /* Debug */,
				07D2D2A8247B41E70040513B /* Release */,
			);
			defaultConfigurationIsVisible = 0;
			defaultConfigurationName = Release;
		};
/* End XCConfigurationList section */
	};
	rootObject = 07D2D28A247B41E60040513B /* Project object */;
}
