// !$*UTF8*$!
{
	archiveVersion = 1;
	classes = {
	};
	objectVersion = 50;
	objects = {

/* Begin PBXBuildFile section */
		44C3F666247AFF180050C988 /* AppDelegate.swift in Sources */ = {isa = PBXBuildFile; fileRef = 44C3F665247AFF180050C988 /* AppDelegate.swift */; };
		44C3F668247AFF180050C988 /* SceneDelegate.swift in Sources */ = {isa = PBXBuildFile; fileRef = 44C3F667247AFF180050C988 /* SceneDelegate.swift */; };
		44C3F66D247AFF180050C988 /* Main.storyboard in Resources */ = {isa = PBXBuildFile; fileRef = 44C3F66B247AFF180050C988 /* Main.storyboard */; };
		44C3F66F247AFF1C0050C988 /* Assets.xcassets in Resources */ = {isa = PBXBuildFile; fileRef = 44C3F66E247AFF1C0050C988 /* Assets.xcassets */; };
		44C3F672247AFF1C0050C988 /* LaunchScreen.storyboard in Resources */ = {isa = PBXBuildFile; fileRef = 44C3F670247AFF1C0050C988 /* LaunchScreen.storyboard */; };
		44D68066248477B700104F84 /* POITableViewController.swift in Sources */ = {isa = PBXBuildFile; fileRef = 44D68065248477B700104F84 /* POITableViewController.swift */; };
		44D680682484780C00104F84 /* AddPOIViewController.swift in Sources */ = {isa = PBXBuildFile; fileRef = 44D680672484780C00104F84 /* AddPOIViewController.swift */; };
		44D6806A2484782B00104F84 /* POIDetailViewController.swift in Sources */ = {isa = PBXBuildFile; fileRef = 44D680692484782B00104F84 /* POIDetailViewController.swift */; };
		44D6806C2484785100104F84 /* POITableViewCell.swift in Sources */ = {isa = PBXBuildFile; fileRef = 44D6806B2484785100104F84 /* POITableViewCell.swift */; };
		44D6806E2484786500104F84 /* POI.swift in Sources */ = {isa = PBXBuildFile; fileRef = 44D6806D2484786400104F84 /* POI.swift */; };
/* End PBXBuildFile section */

/* Begin PBXFileReference section */
		44C3F662247AFF180050C988 /* GrailDiary.app */ = {isa = PBXFileReference; explicitFileType = wrapper.application; includeInIndex = 0; path = GrailDiary.app; sourceTree = BUILT_PRODUCTS_DIR; };
		44C3F665247AFF180050C988 /* AppDelegate.swift */ = {isa = PBXFileReference; lastKnownFileType = sourcecode.swift; path = AppDelegate.swift; sourceTree = "<group>"; };
		44C3F667247AFF180050C988 /* SceneDelegate.swift */ = {isa = PBXFileReference; lastKnownFileType = sourcecode.swift; path = SceneDelegate.swift; sourceTree = "<group>"; };
		44C3F66C247AFF180050C988 /* Base */ = {isa = PBXFileReference; lastKnownFileType = file.storyboard; name = Base; path = Base.lproj/Main.storyboard; sourceTree = "<group>"; };
		44C3F66E247AFF1C0050C988 /* Assets.xcassets */ = {isa = PBXFileReference; lastKnownFileType = folder.assetcatalog; path = Assets.xcassets; sourceTree = "<group>"; };
		44C3F671247AFF1C0050C988 /* Base */ = {isa = PBXFileReference; lastKnownFileType = file.storyboard; name = Base; path = Base.lproj/LaunchScreen.storyboard; sourceTree = "<group>"; };
		44C3F673247AFF1C0050C988 /* Info.plist */ = {isa = PBXFileReference; lastKnownFileType = text.plist.xml; path = Info.plist; sourceTree = "<group>"; };
		44D68065248477B700104F84 /* POITableViewController.swift */ = {isa = PBXFileReference; lastKnownFileType = sourcecode.swift; path = POITableViewController.swift; sourceTree = "<group>"; };
		44D680672484780C00104F84 /* AddPOIViewController.swift */ = {isa = PBXFileReference; lastKnownFileType = sourcecode.swift; path = AddPOIViewController.swift; sourceTree = "<group>"; };
		44D680692484782B00104F84 /* POIDetailViewController.swift */ = {isa = PBXFileReference; lastKnownFileType = sourcecode.swift; path = POIDetailViewController.swift; sourceTree = "<group>"; };
		44D6806B2484785100104F84 /* POITableViewCell.swift */ = {isa = PBXFileReference; lastKnownFileType = sourcecode.swift; path = POITableViewCell.swift; sourceTree = "<group>"; };
		44D6806D2484786400104F84 /* POI.swift */ = {isa = PBXFileReference; lastKnownFileType = sourcecode.swift; path = POI.swift; sourceTree = "<group>"; };
/* End PBXFileReference section */

/* Begin PBXFrameworksBuildPhase section */
		44C3F65F247AFF180050C988 /* Frameworks */ = {
			isa = PBXFrameworksBuildPhase;
			buildActionMask = 2147483647;
			files = (
			);
			runOnlyForDeploymentPostprocessing = 0;
		};
/* End PBXFrameworksBuildPhase section */

/* Begin PBXGroup section */
		44C3F659247AFF180050C988 = {
			isa = PBXGroup;
			children = (
				44C3F664247AFF180050C988 /* GrailDiary */,
				44C3F663247AFF180050C988 /* Products */,
			);
			sourceTree = "<group>";
		};
		44C3F663247AFF180050C988 /* Products */ = {
			isa = PBXGroup;
			children = (
				44C3F662247AFF180050C988 /* GrailDiary.app */,
			);
			name = Products;
			sourceTree = "<group>";
		};
		44C3F664247AFF180050C988 /* GrailDiary */ = {
			isa = PBXGroup;
			children = (
				44C3F665247AFF180050C988 /* AppDelegate.swift */,
				44C3F667247AFF180050C988 /* SceneDelegate.swift */,
				44C3F66B247AFF180050C988 /* Main.storyboard */,
				44D680672484780C00104F84 /* AddPOIViewController.swift */,
				44D680692484782B00104F84 /* POIDetailViewController.swift */,
				44D68065248477B700104F84 /* POITableViewController.swift */,
				44D6806B2484785100104F84 /* POITableViewCell.swift */,
				44D6806D2484786400104F84 /* POI.swift */,
				44C3F66E247AFF1C0050C988 /* Assets.xcassets */,
				44C3F670247AFF1C0050C988 /* LaunchScreen.storyboard */,
				44C3F673247AFF1C0050C988 /* Info.plist */,
			);
			path = GrailDiary;
			sourceTree = "<group>";
		};
/* End PBXGroup section */

/* Begin PBXNativeTarget section */
		44C3F661247AFF180050C988 /* GrailDiary */ = {
			isa = PBXNativeTarget;
			buildConfigurationList = 44C3F676247AFF1C0050C988 /* Build configuration list for PBXNativeTarget "GrailDiary" */;
			buildPhases = (
				44C3F65E247AFF180050C988 /* Sources */,
				44C3F65F247AFF180050C988 /* Frameworks */,
				44C3F660247AFF180050C988 /* Resources */,
			);
			buildRules = (
			);
			dependencies = (
			);
			name = GrailDiary;
			productName = GrailDiary;
			productReference = 44C3F662247AFF180050C988 /* GrailDiary.app */;
			productType = "com.apple.product-type.application";
		};
/* End PBXNativeTarget section */

/* Begin PBXProject section */
		44C3F65A247AFF180050C988 /* Project object */ = {
			isa = PBXProject;
			attributes = {
				LastSwiftUpdateCheck = 1140;
				LastUpgradeCheck = 1140;
				ORGANIZATIONNAME = "Craig Belinfante";
				TargetAttributes = {
					44C3F661247AFF180050C988 = {
						CreatedOnToolsVersion = 11.4.1;
					};
				};
			};
			buildConfigurationList = 44C3F65D247AFF180050C988 /* Build configuration list for PBXProject "GrailDiary" */;
			compatibilityVersion = "Xcode 9.3";
			developmentRegion = en;
			hasScannedForEncodings = 0;
			knownRegions = (
				en,
				Base,
			);
			mainGroup = 44C3F659247AFF180050C988;
			productRefGroup = 44C3F663247AFF180050C988 /* Products */;
			projectDirPath = "";
			projectRoot = "";
			targets = (
				44C3F661247AFF180050C988 /* GrailDiary */,
			);
		};
/* End PBXProject section */

/* Begin PBXResourcesBuildPhase section */
		44C3F660247AFF180050C988 /* Resources */ = {
			isa = PBXResourcesBuildPhase;
			buildActionMask = 2147483647;
			files = (
				44C3F672247AFF1C0050C988 /* LaunchScreen.storyboard in Resources */,
				44C3F66F247AFF1C0050C988 /* Assets.xcassets in Resources */,
				44C3F66D247AFF180050C988 /* Main.storyboard in Resources */,
			);
			runOnlyForDeploymentPostprocessing = 0;
		};
/* End PBXResourcesBuildPhase section */

/* Begin PBXSourcesBuildPhase section */
		44C3F65E247AFF180050C988 /* Sources */ = {
			isa = PBXSourcesBuildPhase;
			buildActionMask = 2147483647;
			files = (
				44D6806C2484785100104F84 /* POITableViewCell.swift in Sources */,
				44D680682484780C00104F84 /* AddPOIViewController.swift in Sources */,
				44C3F666247AFF180050C988 /* AppDelegate.swift in Sources */,
				44D6806E2484786500104F84 /* POI.swift in Sources */,
				44D68066248477B700104F84 /* POITableViewController.swift in Sources */,
				44D6806A2484782B00104F84 /* POIDetailViewController.swift in Sources */,
				44C3F668247AFF180050C988 /* SceneDelegate.swift in Sources */,
			);
			runOnlyForDeploymentPostprocessing = 0;
		};
/* End PBXSourcesBuildPhase section */

/* Begin PBXVariantGroup section */
		44C3F66B247AFF180050C988 /* Main.storyboard */ = {
			isa = PBXVariantGroup;
			children = (
				44C3F66C247AFF180050C988 /* Base */,
			);
			name = Main.storyboard;
			sourceTree = "<group>";
		};
		44C3F670247AFF1C0050C988 /* LaunchScreen.storyboard */ = {
			isa = PBXVariantGroup;
			children = (
				44C3F671247AFF1C0050C988 /* Base */,
			);
			name = LaunchScreen.storyboard;
			sourceTree = "<group>";
		};
/* End PBXVariantGroup section */

/* Begin XCBuildConfiguration section */
		44C3F674247AFF1C0050C988 /* Debug */ = {
			isa = XCBuildConfiguration;
			buildSettings = {
				ALWAYS_SEARCH_USER_PATHS = NO;
				CLANG_ANALYZER_NONNULL = YES;
				CLANG_ANALYZER_NUMBER_OBJECT_CONVERSION = YES_AGGRESSIVE;
				CLANG_CXX_LANGUAGE_STANDARD = "gnu++14";
				CLANG_CXX_LIBRARY = "libc++";
				CLANG_ENABLE_MODULES = YES;
				CLANG_ENABLE_OBJC_ARC = YES;
				CLANG_ENABLE_OBJC_WEAK = YES;
				CLANG_WARN_BLOCK_CAPTURE_AUTORELEASING = YES;
				CLANG_WARN_BOOL_CONVERSION = YES;
				CLANG_WARN_COMMA = YES;
				CLANG_WARN_CONSTANT_CONVERSION = YES;
				CLANG_WARN_DEPRECATED_OBJC_IMPLEMENTATIONS = YES;
				CLANG_WARN_DIRECT_OBJC_ISA_USAGE = YES_ERROR;
				CLANG_WARN_DOCUMENTATION_COMMENTS = YES;
				CLANG_WARN_EMPTY_BODY = YES;
				CLANG_WARN_ENUM_CONVERSION = YES;
				CLANG_WARN_INFINITE_RECURSION = YES;
				CLANG_WARN_INT_CONVERSION = YES;
				CLANG_WARN_NON_LITERAL_NULL_CONVERSION = YES;
				CLANG_WARN_OBJC_IMPLICIT_RETAIN_SELF = YES;
				CLANG_WARN_OBJC_LITERAL_CONVERSION = YES;
				CLANG_WARN_OBJC_ROOT_CLASS = YES_ERROR;
				CLANG_WARN_RANGE_LOOP_ANALYSIS = YES;
				CLANG_WARN_STRICT_PROTOTYPES = YES;
				CLANG_WARN_SUSPICIOUS_MOVE = YES;
				CLANG_WARN_UNGUARDED_AVAILABILITY = YES_AGGRESSIVE;
				CLANG_WARN_UNREACHABLE_CODE = YES;
				CLANG_WARN__DUPLICATE_METHOD_MATCH = YES;
				COPY_PHASE_STRIP = NO;
				DEBUG_INFORMATION_FORMAT = dwarf;
				ENABLE_STRICT_OBJC_MSGSEND = YES;
				ENABLE_TESTABILITY = YES;
				GCC_C_LANGUAGE_STANDARD = gnu11;
				GCC_DYNAMIC_NO_PIC = NO;
				GCC_NO_COMMON_BLOCKS = YES;
				GCC_OPTIMIZATION_LEVEL = 0;
				GCC_PREPROCESSOR_DEFINITIONS = (
					"DEBUG=1",
					"$(inherited)",
				);
				GCC_WARN_64_TO_32_BIT_CONVERSION = YES;
				GCC_WARN_ABOUT_RETURN_TYPE = YES_ERROR;
				GCC_WARN_UNDECLARED_SELECTOR = YES;
				GCC_WARN_UNINITIALIZED_AUTOS = YES_AGGRESSIVE;
				GCC_WARN_UNUSED_FUNCTION = YES;
				GCC_WARN_UNUSED_VARIABLE = YES;
				IPHONEOS_DEPLOYMENT_TARGET = 13.4;
				MTL_ENABLE_DEBUG_INFO = INCLUDE_SOURCE;
				MTL_FAST_MATH = YES;
				ONLY_ACTIVE_ARCH = YES;
				SDKROOT = iphoneos;
				SWIFT_ACTIVE_COMPILATION_CONDITIONS = DEBUG;
				SWIFT_OPTIMIZATION_LEVEL = "-Onone";
			};
			name = Debug;
		};
		44C3F675247AFF1C0050C988 /* Release */ = {
			isa = XCBuildConfiguration;
			buildSettings = {
				ALWAYS_SEARCH_USER_PATHS = NO;
				CLANG_ANALYZER_NONNULL = YES;
				CLANG_ANALYZER_NUMBER_OBJECT_CONVERSION = YES_AGGRESSIVE;
				CLANG_CXX_LANGUAGE_STANDARD = "gnu++14";
				CLANG_CXX_LIBRARY = "libc++";
				CLANG_ENABLE_MODULES = YES;
				CLANG_ENABLE_OBJC_ARC = YES;
				CLANG_ENABLE_OBJC_WEAK = YES;
				CLANG_WARN_BLOCK_CAPTURE_AUTORELEASING = YES;
				CLANG_WARN_BOOL_CONVERSION = YES;
				CLANG_WARN_COMMA = YES;
				CLANG_WARN_CONSTANT_CONVERSION = YES;
				CLANG_WARN_DEPRECATED_OBJC_IMPLEMENTATIONS = YES;
				CLANG_WARN_DIRECT_OBJC_ISA_USAGE = YES_ERROR;
				CLANG_WARN_DOCUMENTATION_COMMENTS = YES;
				CLANG_WARN_EMPTY_BODY = YES;
				CLANG_WARN_ENUM_CONVERSION = YES;
				CLANG_WARN_INFINITE_RECURSION = YES;
				CLANG_WARN_INT_CONVERSION = YES;
				CLANG_WARN_NON_LITERAL_NULL_CONVERSION = YES;
				CLANG_WARN_OBJC_IMPLICIT_RETAIN_SELF = YES;
				CLANG_WARN_OBJC_LITERAL_CONVERSION = YES;
				CLANG_WARN_OBJC_ROOT_CLASS = YES_ERROR;
				CLANG_WARN_RANGE_LOOP_ANALYSIS = YES;
				CLANG_WARN_STRICT_PROTOTYPES = YES;
				CLANG_WARN_SUSPICIOUS_MOVE = YES;
				CLANG_WARN_UNGUARDED_AVAILABILITY = YES_AGGRESSIVE;
				CLANG_WARN_UNREACHABLE_CODE = YES;
				CLANG_WARN__DUPLICATE_METHOD_MATCH = YES;
				COPY_PHASE_STRIP = NO;
				DEBUG_INFORMATION_FORMAT = "dwarf-with-dsym";
				ENABLE_NS_ASSERTIONS = NO;
				ENABLE_STRICT_OBJC_MSGSEND = YES;
				GCC_C_LANGUAGE_STANDARD = gnu11;
				GCC_NO_COMMON_BLOCKS = YES;
				GCC_WARN_64_TO_32_BIT_CONVERSION = YES;
				GCC_WARN_ABOUT_RETURN_TYPE = YES_ERROR;
				GCC_WARN_UNDECLARED_SELECTOR = YES;
				GCC_WARN_UNINITIALIZED_AUTOS = YES_AGGRESSIVE;
				GCC_WARN_UNUSED_FUNCTION = YES;
				GCC_WARN_UNUSED_VARIABLE = YES;
				IPHONEOS_DEPLOYMENT_TARGET = 13.4;
				MTL_ENABLE_DEBUG_INFO = NO;
				MTL_FAST_MATH = YES;
				SDKROOT = iphoneos;
				SWIFT_COMPILATION_MODE = wholemodule;
				SWIFT_OPTIMIZATION_LEVEL = "-O";
				VALIDATE_PRODUCT = YES;
			};
			name = Release;
		};
		44C3F677247AFF1C0050C988 /* Debug */ = {
			isa = XCBuildConfiguration;
			buildSettings = {
				ASSETCATALOG_COMPILER_APPICON_NAME = AppIcon;
				CODE_SIGN_STYLE = Automatic;
				INFOPLIST_FILE = GrailDiary/Info.plist;
				LD_RUNPATH_SEARCH_PATHS = (
					"$(inherited)",
					"@executable_path/Frameworks",
				);
				PRODUCT_BUNDLE_IDENTIFIER = com.LambdaSchool.GrailDiary;
				PRODUCT_NAME = "$(TARGET_NAME)";
				SWIFT_VERSION = 5.0;
				TARGETED_DEVICE_FAMILY = "1,2";
			};
			name = Debug;
		};
		44C3F678247AFF1C0050C988 /* Release */ = {
			isa = XCBuildConfiguration;
			buildSettings = {
				ASSETCATALOG_COMPILER_APPICON_NAME = AppIcon;
				CODE_SIGN_STYLE = Automatic;
				INFOPLIST_FILE = GrailDiary/Info.plist;
				LD_RUNPATH_SEARCH_PATHS = (
					"$(inherited)",
					"@executable_path/Frameworks",
				);
				PRODUCT_BUNDLE_IDENTIFIER = com.LambdaSchool.GrailDiary;
				PRODUCT_NAME = "$(TARGET_NAME)";
				SWIFT_VERSION = 5.0;
				TARGETED_DEVICE_FAMILY = "1,2";
			};
			name = Release;
		};
/* End XCBuildConfiguration section */

/* Begin XCConfigurationList section */
		44C3F65D247AFF180050C988 /* Build configuration list for PBXProject "GrailDiary" */ = {
			isa = XCConfigurationList;
			buildConfigurations = (
				44C3F674247AFF1C0050C988 /* Debug */,
				44C3F675247AFF1C0050C988 /* Release */,
			);
			defaultConfigurationIsVisible = 0;
			defaultConfigurationName = Release;
		};
		44C3F676247AFF1C0050C988 /* Build configuration list for PBXNativeTarget "GrailDiary" */ = {
			isa = XCConfigurationList;
			buildConfigurations = (
				44C3F677247AFF1C0050C988 /* Debug */,
				44C3F678247AFF1C0050C988 /* Release */,
			);
			defaultConfigurationIsVisible = 0;
			defaultConfigurationName = Release;
		};
/* End XCConfigurationList section */
	};
	rootObject = 44C3F65A247AFF180050C988 /* Project object */;
}
